PODS:
  - FlutterMacOS (1.0.0)
  - mpv_audio_kit (0.2.0):
    - FlutterMacOS

DEPENDENCIES:
  - FlutterMacOS (from `Flutter/ephemeral`)
  - mpv_audio_kit (from `Flutter/ephemeral/.symlinks/plugins/mpv_audio_kit/macos`)

EXTERNAL SOURCES:
  FlutterMacOS:
    :path: Flutter/ephemeral
  mpv_audio_kit:
    :path: Flutter/ephemeral/.symlinks/plugins/mpv_audio_kit/macos

SPEC CHECKSUMS:
  FlutterMacOS: d0db08ddef1a9af05a5ec4b724367152bb0500b1
  mpv_audio_kit: bf5dab5dc20feeb2a6ad037bf231ee14fa47321b

PODFILE CHECKSUM: 1e95c36afbfd1cb6423ceca4de7a8e1b256fb6ac

COCOAPODS: 1.16.2
